{
  "name": "revilossor-game-tilemap",
  "version": "0.0.0",
  "lockfileVersion": 1,
  "requires": true,
  "dependencies": {
    "common": {
      "version": "0.2.5",
      "resolved": "https://registry.npmjs.org/common/-/common-0.2.5.tgz",
      "integrity": "sha1-PHGC9ni9HjaBzVzDSMdZ/o3SI5Q="
    },
    "typescript": {
      "version": "3.5.2",
      "resolved": "https://registry.npmjs.org/typescript/-/typescript-3.5.2.tgz",
      "integrity": "sha512-7KxJovlYhTX5RaRbUdkAXN1KUZ8PwWlTzQdHV6xNqvuFOs7+WBo10TQUqT19Q/Jz2hk5v9TQDIhyLhhJY4p5AA==",
      "dev": true
    }
  }
}
